
Microsoft Visual Studio Solution File, Format Version 12.00
# Visual Studio 15
VisualStudioVersion = 15.0.28010.2016
MinimumVisualStudioVersion = 10.0.40219.1
Project("{FAE04EC0-301F-11D3-BF4B-00C04F79EFBC}") = "Lapbase API", "Lapbase API\Lapbase API.csproj", "{DD5EA88F-94FA-4ECA-B9A6-38AC3A62AD4F}"
EndProject
Global
	GlobalSection(SolutionConfigurationPlatforms) = preSolution
		Debug|Any CPU = Debug|Any CPU
		Release|Any CPU = Release|Any CPU
	EndGlobalSection
	GlobalSection(ProjectConfigurationPlatforms) = postSolution
		{DD5EA88F-94FA-4ECA-B9A6-38AC3A62AD4F}.Debug|Any CPU.ActiveCfg = Debug|Any CPU
		{DD5EA88F-94FA-4ECA-B9A6-38AC3A62AD4F}.Debug|Any CPU.Build.0 = Debug|Any CPU
		{DD5EA88F-94FA-4ECA-B9A6-38AC3A62AD4F}.Release|Any CPU.ActiveCfg = Release|Any CPU
		{DD5EA88F-94FA-4ECA-B9A6-38AC3A62AD4F}.Release|Any CPU.Build.0 = Release|Any CPU
	EndGlobalSection
	GlobalSection(SolutionProperties) = preSolution
		HideSolutionNode = FALSE
	EndGlobalSection
	GlobalSection(ExtensibilityGlobals) = postSolution
		SolutionGuid = {68B7642D-239D-45FA-B89E-9A06AC4146CA}
	EndGlobalSection
EndGlobal
